
Microsoft Visual Studio Solution File, Format Version 12.00
# Visual Studio Version 16
VisualStudioVersion = 16.0.30128.74
MinimumVisualStudioVersion = 10.0.40219.1
Project("{FAE04EC0-301F-11D3-BF4B-00C04F79EFBC}") = "UniverseLib", "UniverseLib.csproj", "{49736F05-474F-49DA-ADB5-ED85BA079FFD}"
EndProject
Project("{2150E333-8FDC-42A3-9474-1A3956D46DE8}") = "Solution Items", "Solution Items", "{67C9CBA5-9CF3-44E7-AC88-588BACC86888}"
	ProjectSection(SolutionItems) = preProject
		.editorconfig = .editorconfig
	EndProjectSection
EndProject
Global
	GlobalSection(SolutionConfigurationPlatforms) = preSolution
		Release_IL2CPP|Any CPU = Release_IL2CPP|Any CPU
		Release_Mono|Any CPU = Release_Mono|Any CPU
	EndGlobalSection
	GlobalSection(ProjectConfigurationPlatforms) = postSolution
		{49736F05-474F-49DA-ADB5-ED85BA079FFD}.Release_IL2CPP|Any CPU.ActiveCfg = Release_IL2CPP|Any CPU
		{49736F05-474F-49DA-ADB5-ED85BA079FFD}.Release_IL2CPP|Any CPU.Build.0 = Release_IL2CPP|Any CPU
		{49736F05-474F-49DA-ADB5-ED85BA079FFD}.Release_Mono|Any CPU.ActiveCfg = Release_Mono|Any CPU
		{49736F05-474F-49DA-ADB5-ED85BA079FFD}.Release_Mono|Any CPU.Build.0 = Release_Mono|Any CPU
	EndGlobalSection
	GlobalSection(SolutionProperties) = preSolution
		HideSolutionNode = FALSE
	EndGlobalSection
	GlobalSection(ExtensibilityGlobals) = postSolution
		SolutionGuid = {2DB1638C-C94D-4319-8B66-17F6F724766B}
	EndGlobalSection
EndGlobal
